
Microsoft Visual Studio Solution File, Format Version 12.00
# Visual Studio 2012
Project("{FAE04EC0-301F-11D3-BF4B-00C04F79EFBC}") = "Expression", "Expression\Expression.csproj", "{31D66579-BA71-4AAB-91FD-A5316E018BBB}"
EndProject
Global
	GlobalSection(SolutionConfigurationPlatforms) = preSolution
		Debug|Any CPU = Debug|Any CPU
		Release|Any CPU = Release|Any CPU
	EndGlobalSection
	GlobalSection(ProjectConfigurationPlatforms) = postSolution
		{31D66579-BA71-4AAB-91FD-A5316E018BBB}.Debug|Any CPU.ActiveCfg = Debug|Any CPU
		{31D66579-BA71-4AAB-91FD-A5316E018BBB}.Debug|Any CPU.Build.0 = Debug|Any CPU
		{31D66579-BA71-4AAB-91FD-A5316E018BBB}.Release|Any CPU.ActiveCfg = Release|Any CPU
		{31D66579-BA71-4AAB-91FD-A5316E018BBB}.Release|Any CPU.Build.0 = Release|Any CPU
	EndGlobalSection
	GlobalSection(SolutionProperties) = preSolution
		HideSolutionNode = FALSE
	EndGlobalSection
EndGlobal
